# This file was autogenerated by uv via the following command:
#    uv pip compile requirements.txt --python-version 3.12 --python-platform linux -c constraints.txt -o requirements.lock
altair==6.3.0
    # via
    #   -c constraints.txt
    #   streamlit
anyio==4.15.1
    # via
    #   -c constraints.txt
    #   starlette
    #   streamlit
attrs==26.1.0
    # via
    #   -c constraints.txt
    #   jsonschema
    #   referencing
blinker==1.9.0
    # via
    #   -c constraints.txt
    #   streamlit
cachetools==7.2.1
    # via
    #   -c constraints.txt
    #   streamlit
certifi==2026.7.22
    # via
    #   -c constraints.txt
    #   requests
charset-normalizer==3.5.2
    # via
    #   -c constraints.txt
    #   reportlab
    #   requests
click==8.5.0
    # via
    #   -c constraints.txt
    #   streamlit
    #   uvicorn
cloudpickle==3.1.2
    # via
    #   -c constraints.txt
    #   shap
gitdb==4.0.12
    # via
    #   -c constraints.txt
    #   gitpython
gitpython==3.2.0
    # via
    #   -c constraints.txt
    #   streamlit
h11==0.16.0
    # via
    #   -c constraints.txt
    #   uvicorn
httptools==0.8.0
    # via
    #   -c constraints.txt
    #   streamlit
idna==3.20
    # via
    #   -c constraints.txt
    #   anyio
    #   requests
itsdangerous==2.2.0
    # via
    #   -c constraints.txt
    #   streamlit
jinja2==3.1.6
    # via
    #   -c constraints.txt
    #   altair
    #   pydeck
joblib==1.5.3
    # via
    #   -c constraints.txt
    #   -r requirements.txt
    #   scikit-learn
jsonschema==4.26.0
    # via
    #   -c constraints.txt
    #   altair
jsonschema-specifications==2025.9.1
    # via
    #   -c constraints.txt
    #   jsonschema
llvmlite==0.50.0
    # via
    #   -c constraints.txt
    #   numba
    #   shap
markupsafe==3.0.4
    # via
    #   -c constraints.txt
    #   jinja2
narwhals==2.26.0
    # via
    #   -c constraints.txt
    #   altair
    #   plotly
numba==0.68.0
    # via
    #   -c constraints.txt
    #   shap
numpy==2.3.5
    # via
    #   -c constraints.txt
    #   -r requirements.txt
    #   numba
    #   pandas
    #   pydeck
    #   scikit-learn
    #   scipy
    #   shap
    #   streamlit
packaging==26.3
    # via
    #   -c constraints.txt
    #   altair
    #   plotly
    #   shap
    #   streamlit
pandas==2.3.3
    # via
    #   -c constraints.txt
    #   -r requirements.txt
    #   shap
    #   streamlit
pillow==12.3.0
    # via
    #   -c constraints.txt
    #   reportlab
    #   streamlit
plotly==6.6.0
    # via
    #   -c constraints.txt
    #   -r requirements.txt
protobuf==7.36.2
    # via
    #   -c constraints.txt
    #   streamlit
pyarrow==25.0.1
    # via
    #   -c constraints.txt
    #   streamlit
pydeck==0.9.3
    # via
    #   -c constraints.txt
    #   streamlit
python-dateutil==2.9.0.post0
    # via
    #   -c constraints.txt
    #   pandas
python-multipart==0.0.32
    # via
    #   -c constraints.txt
    #   streamlit
pytz==2026.5
    # via
    #   -c constraints.txt
    #   pandas
referencing==0.37.0
    # via
    #   -c constraints.txt
    #   jsonschema
    #   jsonschema-specifications
reportlab==5.0.0
    # via
    #   -c constraints.txt
    #   -r requirements.txt
requests==2.33.1
    # via
    #   -c constraints.txt
    #   -r requirements.txt
    #   streamlit
rpds-py==2026.9.1
    # via
    #   -c constraints.txt
    #   jsonschema
    #   referencing
scikit-learn==1.8.0
    # via
    #   -c constraints.txt
    #   -r requirements.txt
    #   shap
scipy==1.16.3
    # via
    #   -c constraints.txt
    #   scikit-learn
    #   shap
shap==0.52.0
    # via
    #   -c constraints.txt
    #   -r requirements.txt
six==1.17.0
    # via
    #   -c constraints.txt
    #   python-dateutil
slicer==0.0.8
    # via
    #   -c constraints.txt
    #   shap
smmap==5.0.3
    # via
    #   -c constraints.txt
    #   gitdb
starlette==1.7.0
    # via
    #   -c constraints.txt
    #   streamlit
streamlit==1.57.0
    # via
    #   -c constraints.txt
    #   -r requirements.txt
tenacity==9.2.1
    # via
    #   -c constraints.txt
    #   streamlit
threadpoolctl==3.7.0
    # via
    #   -c constraints.txt
    #   scikit-learn
toml==0.10.2
    # via
    #   -c constraints.txt
    #   streamlit
tqdm==4.70.1
    # via
    #   -c constraints.txt
    #   shap
typing-extensions==4.16.0
    # via
    #   -c constraints.txt
    #   altair
    #   anyio
    #   referencing
    #   starlette
    #   streamlit
tzdata==2026.5
    # via
    #   -c constraints.txt
    #   pandas
urllib3==2.8.0
    # via
    #   -c constraints.txt
    #   requests
uvicorn==0.54.0
    # via
    #   -c constraints.txt
    #   streamlit
watchdog==6.0.0
    # via
    #   -c constraints.txt
    #   streamlit
websockets==17.2
    # via
    #   -c constraints.txt
    #   streamlit
